hash: 00d292d3cbcd58a2bf9d66c72c74197a3dc4601778d7931d8d58e7f3e2ae0724
updated: 2017-07-25T15:53:43.347513511+09:00
imports:
- name: github.com/aws/aws-sdk-go
  version: 6ff7be1a127941b8dc9a408ac9c2dd6eb2167a5d
  subpackages:
  - aws
  - aws/awserr
  - aws/awsutil
  - aws/client
  - aws/client/metadata
  - aws/corehandlers
  - aws/credentials
  - aws/credentials/ec2rolecreds
  - aws/credentials/endpointcreds
  - aws/credentials/stscreds
  - aws/defaults
  - aws/ec2metadata
  - aws/endpoints
  - aws/request
  - aws/session
  - aws/signer/v4
  - internal/shareddefaults
  - private/protocol
  - private/protocol/query
  - private/protocol/query/queryutil
  - private/protocol/rest
  - private/protocol/xml/xmlutil
  - service/elb
  - service/sts
- name: github.com/go-ini/ini
  version: 3d73f4b845efdf9989fffd4b4e562727744a34ba
- name: github.com/golang/glog
  version: 23def4e6c14b4da8ac2ed8007337bc5eb5007998
- name: github.com/jmespath/go-jmespath
  version: bd40a432e4c76585ef6b72d3fd96fb9b6dc7b68d
- name: github.com/nlopes/slack
  version: 7da70eb6beab140451dfdf5c440bd5c54a61c084
- name: github.com/stretchr/testify
  version: 05e8a0eda380579888eb53c394909df027f06991
- name: golang.org/x/net
  version: ab5485076ff3407ad2d02db054635913f017b0ed
  subpackages:
  - publicsuffix
  - websocket
testImports: []
